// !$*UTF8*$!
{
	archiveVersion = 1;
	classes = {
	};
	objectVersion = 50;
	objects = {

/* Begin PBXBuildFile section */
		4A19F2D8259B0C43006B7B80 /* AppDelegate.swift in Sources */ = {isa = PBXBuildFile; fileRef = 4A19F2D7259B0C43006B7B80 /* AppDelegate.swift */; };
		4A19F2DA259B0C43006B7B80 /* SceneDelegate.swift in Sources */ = {isa = PBXBuildFile; fileRef = 4A19F2D9259B0C43006B7B80 /* SceneDelegate.swift */; };
		4A19F2DC259B0C43006B7B80 /* MainPageVC.swift in Sources */ = {isa = PBXBuildFile; fileRef = 4A19F2DB259B0C43006B7B80 /* MainPageVC.swift */; };
		4A19F2DF259B0C43006B7B80 /* Main.storyboard in Resources */ = {isa = PBXBuildFile; fileRef = 4A19F2DD259B0C43006B7B80 /* Main.storyboard */; };
		4A19F2E1259B0C44006B7B80 /* Assets.xcassets in Resources */ = {isa = PBXBuildFile; fileRef = 4A19F2E0259B0C44006B7B80 /* Assets.xcassets */; };
		4A19F2E4259B0C44006B7B80 /* LaunchScreen.storyboard in Resources */ = {isa = PBXBuildFile; fileRef = 4A19F2E2259B0C44006B7B80 /* LaunchScreen.storyboard */; };
		4A19F2F1259B0D12006B7B80 /* GameBase.swift in Sources */ = {isa = PBXBuildFile; fileRef = 4A19F2F0259B0D12006B7B80 /* GameBase.swift */; };
		4A19F2F7259B1E29006B7B80 /* GameDetailsPageVC.swift in Sources */ = {isa = PBXBuildFile; fileRef = 4A19F2F6259B1E29006B7B80 /* GameDetailsPageVC.swift */; };
		4A19F2FA259B1F9D006B7B80 /* ShoppingCartVC.swift in Sources */ = {isa = PBXBuildFile; fileRef = 4A19F2F9259B1F9D006B7B80 /* ShoppingCartVC.swift */; };
		4A19F2FE259B47C4006B7B80 /* GamesCollectionViewCell.swift in Sources */ = {isa = PBXBuildFile; fileRef = 4A19F2FD259B47C4006B7B80 /* GamesCollectionViewCell.swift */; };
		4A19F303259BC0A9006B7B80 /* CartTableViewCell.xib in Resources */ = {isa = PBXBuildFile; fileRef = 4A19F301259BC0A9006B7B80 /* CartTableViewCell.xib */; };
		4A19F30C259BC506006B7B80 /* CartTableViewCell.swift in Sources */ = {isa = PBXBuildFile; fileRef = 4A19F30B259BC506006B7B80 /* CartTableViewCell.swift */; };
		4A864514259C58A800041E7D /* Singleton.swift in Sources */ = {isa = PBXBuildFile; fileRef = 4A864513259C58A800041E7D /* Singleton.swift */; };
/* End PBXBuildFile section */

/* Begin PBXFileReference section */
		4A19F2D4259B0C43006B7B80 /* GamerStore.app */ = {isa = PBXFileReference; explicitFileType = wrapper.application; includeInIndex = 0; path = GamerStore.app; sourceTree = BUILT_PRODUCTS_DIR; };
		4A19F2D7259B0C43006B7B80 /* AppDelegate.swift */ = {isa = PBXFileReference; lastKnownFileType = sourcecode.swift; path = AppDelegate.swift; sourceTree = "<group>"; };
		4A19F2D9259B0C43006B7B80 /* SceneDelegate.swift */ = {isa = PBXFileReference; lastKnownFileType = sourcecode.swift; path = SceneDelegate.swift; sourceTree = "<group>"; };
		4A19F2DB259B0C43006B7B80 /* MainPageVC.swift */ = {isa = PBXFileReference; lastKnownFileType = sourcecode.swift; path = MainPageVC.swift; sourceTree = "<group>"; };
		4A19F2DE259B0C43006B7B80 /* Base */ = {isa = PBXFileReference; lastKnownFileType = file.storyboard; name = Base; path = Base.lproj/Main.storyboard; sourceTree = "<group>"; };
		4A19F2E0259B0C44006B7B80 /* Assets.xcassets */ = {isa = PBXFileReference; lastKnownFileType = folder.assetcatalog; path = Assets.xcassets; sourceTree = "<group>"; };
		4A19F2E3259B0C44006B7B80 /* Base */ = {isa = PBXFileReference; lastKnownFileType = file.storyboard; name = Base; path = Base.lproj/LaunchScreen.storyboard; sourceTree = "<group>"; };
		4A19F2E5259B0C44006B7B80 /* Info.plist */ = {isa = PBXFileReference; lastKnownFileType = text.plist.xml; path = Info.plist; sourceTree = "<group>"; };
		4A19F2F0259B0D12006B7B80 /* GameBase.swift */ = {isa = PBXFileReference; lastKnownFileType = sourcecode.swift; path = GameBase.swift; sourceTree = "<group>"; };
		4A19F2F6259B1E29006B7B80 /* GameDetailsPageVC.swift */ = {isa = PBXFileReference; lastKnownFileType = sourcecode.swift; path = GameDetailsPageVC.swift; sourceTree = "<group>"; };
		4A19F2F9259B1F9D006B7B80 /* ShoppingCartVC.swift */ = {isa = PBXFileReference; lastKnownFileType = sourcecode.swift; path = ShoppingCartVC.swift; sourceTree = "<group>"; };
		4A19F2FD259B47C4006B7B80 /* GamesCollectionViewCell.swift */ = {isa = PBXFileReference; lastKnownFileType = sourcecode.swift; path = GamesCollectionViewCell.swift; sourceTree = "<group>"; };
		4A19F301259BC0A9006B7B80 /* CartTableViewCell.xib */ = {isa = PBXFileReference; lastKnownFileType = file.xib; path = CartTableViewCell.xib; sourceTree = "<group>"; };
		4A19F30B259BC506006B7B80 /* CartTableViewCell.swift */ = {isa = PBXFileReference; lastKnownFileType = sourcecode.swift; path = CartTableViewCell.swift; sourceTree = "<group>"; };
		4A864513259C58A800041E7D /* Singleton.swift */ = {isa = PBXFileReference; lastKnownFileType = sourcecode.swift; path = Singleton.swift; sourceTree = "<group>"; };
/* End PBXFileReference section */

/* Begin PBXFrameworksBuildPhase section */
		4A19F2D1259B0C43006B7B80 /* Frameworks */ = {
			isa = PBXFrameworksBuildPhase;
			buildActionMask = 2147483647;
			files = (
			);
			runOnlyForDeploymentPostprocessing = 0;
		};
/* End PBXFrameworksBuildPhase section */

/* Begin PBXGroup section */
		4A05A14B259C68BB008639C3 /* Singleton */ = {
			isa = PBXGroup;
			children = (
				4A864513259C58A800041E7D /* Singleton.swift */,
			);
			path = Singleton;
			sourceTree = "<group>";
		};
		4A19F2CB259B0C43006B7B80 = {
			isa = PBXGroup;
			children = (
				4A19F2D6259B0C43006B7B80 /* GamerStore */,
				4A19F2D5259B0C43006B7B80 /* Products */,
			);
			sourceTree = "<group>";
		};
		4A19F2D5259B0C43006B7B80 /* Products */ = {
			isa = PBXGroup;
			children = (
				4A19F2D4259B0C43006B7B80 /* GamerStore.app */,
			);
			name = Products;
			sourceTree = "<group>";
		};
		4A19F2D6259B0C43006B7B80 /* GamerStore */ = {
			isa = PBXGroup;
			children = (
				4A05A14B259C68BB008639C3 /* Singleton */,
				4A19F2EF259B0C5A006B7B80 /* Model */,
				4A19F2EE259B0C51006B7B80 /* Controller */,
				4A19F2EC259B0C4B006B7B80 /* View */,
				4A19F2D7259B0C43006B7B80 /* AppDelegate.swift */,
				4A19F2D9259B0C43006B7B80 /* SceneDelegate.swift */,
				4A19F2DD259B0C43006B7B80 /* Main.storyboard */,
				4A19F2E0259B0C44006B7B80 /* Assets.xcassets */,
				4A19F2E2259B0C44006B7B80 /* LaunchScreen.storyboard */,
				4A19F2E5259B0C44006B7B80 /* Info.plist */,
			);
			path = GamerStore;
			sourceTree = "<group>";
		};
		4A19F2EC259B0C4B006B7B80 /* View */ = {
			isa = PBXGroup;
			children = (
				4A19F306259BC0BB006B7B80 /* Cart - Table View Cell */,
				4A19F305259BC0B0006B7B80 /* Homepage - Collection View Cell */,
			);
			path = View;
			sourceTree = "<group>";
		};
		4A19F2EE259B0C51006B7B80 /* Controller */ = {
			isa = PBXGroup;
			children = (
				4A19F2DB259B0C43006B7B80 /* MainPageVC.swift */,
				4A19F2F6259B1E29006B7B80 /* GameDetailsPageVC.swift */,
				4A19F2F9259B1F9D006B7B80 /* ShoppingCartVC.swift */,
			);
			path = Controller;
			sourceTree = "<group>";
		};
		4A19F2EF259B0C5A006B7B80 /* Model */ = {
			isa = PBXGroup;
			children = (
				4A19F2F0259B0D12006B7B80 /* GameBase.swift */,
			);
			path = Model;
			sourceTree = "<group>";
		};
		4A19F305259BC0B0006B7B80 /* Homepage - Collection View Cell */ = {
			isa = PBXGroup;
			children = (
				4A19F2FD259B47C4006B7B80 /* GamesCollectionViewCell.swift */,
			);
			path = "Homepage - Collection View Cell";
			sourceTree = "<group>";
		};
		4A19F306259BC0BB006B7B80 /* Cart - Table View Cell */ = {
			isa = PBXGroup;
			children = (
				4A19F301259BC0A9006B7B80 /* CartTableViewCell.xib */,
				4A19F30B259BC506006B7B80 /* CartTableViewCell.swift */,
			);
			path = "Cart - Table View Cell";
			sourceTree = "<group>";
		};
/* End PBXGroup section */

/* Begin PBXNativeTarget section */
		4A19F2D3259B0C43006B7B80 /* GamerStore */ = {
			isa = PBXNativeTarget;
			buildConfigurationList = 4A19F2E8259B0C44006B7B80 /* Build configuration list for PBXNativeTarget "GamerStore" */;
			buildPhases = (
				4A19F2D0259B0C43006B7B80 /* Sources */,
				4A19F2D1259B0C43006B7B80 /* Frameworks */,
				4A19F2D2259B0C43006B7B80 /* Resources */,
			);
			buildRules = (
			);
			dependencies = (
			);
			name = GamerStore;
			productName = GamerStore;
			productReference = 4A19F2D4259B0C43006B7B80 /* GamerStore.app */;
			productType = "com.apple.product-type.application";
		};
/* End PBXNativeTarget section */

/* Begin PBXProject section */
		4A19F2CC259B0C43006B7B80 /* Project object */ = {
			isa = PBXProject;
			attributes = {
				LastSwiftUpdateCheck = 1230;
				LastUpgradeCheck = 1230;
				TargetAttributes = {
					4A19F2D3259B0C43006B7B80 = {
						CreatedOnToolsVersion = 12.3;
					};
				};
			};
			buildConfigurationList = 4A19F2CF259B0C43006B7B80 /* Build configuration list for PBXProject "GamerStore" */;
			compatibilityVersion = "Xcode 9.3";
			developmentRegion = en;
			hasScannedForEncodings = 0;
			knownRegions = (
				en,
				Base,
			);
			mainGroup = 4A19F2CB259B0C43006B7B80;
			productRefGroup = 4A19F2D5259B0C43006B7B80 /* Products */;
			projectDirPath = "";
			projectRoot = "";
			targets = (
				4A19F2D3259B0C43006B7B80 /* GamerStore */,
			);
		};
/* End PBXProject section */

/* Begin PBXResourcesBuildPhase section */
		4A19F2D2259B0C43006B7B80 /* Resources */ = {
			isa = PBXResourcesBuildPhase;
			buildActionMask = 2147483647;
			files = (
				4A19F2E4259B0C44006B7B80 /* LaunchScreen.storyboard in Resources */,
				4A19F2E1259B0C44006B7B80 /* Assets.xcassets in Resources */,
				4A19F2DF259B0C43006B7B80 /* Main.storyboard in Resources */,
				4A19F303259BC0A9006B7B80 /* CartTableViewCell.xib in Resources */,
			);
			runOnlyForDeploymentPostprocessing = 0;
		};
/* End PBXResourcesBuildPhase section */

/* Begin PBXSourcesBuildPhase section */
		4A19F2D0259B0C43006B7B80 /* Sources */ = {
			isa = PBXSourcesBuildPhase;
			buildActionMask = 2147483647;
			files = (
				4A19F2FA259B1F9D006B7B80 /* ShoppingCartVC.swift in Sources */,
				4A864514259C58A800041E7D /* Singleton.swift in Sources */,
				4A19F2F7259B1E29006B7B80 /* GameDetailsPageVC.swift in Sources */,
				4A19F2DC259B0C43006B7B80 /* MainPageVC.swift in Sources */,
				4A19F2D8259B0C43006B7B80 /* AppDelegate.swift in Sources */,
				4A19F2DA259B0C43006B7B80 /* SceneDelegate.swift in Sources */,
				4A19F2FE259B47C4006B7B80 /* GamesCollectionViewCell.swift in Sources */,
				4A19F2F1259B0D12006B7B80 /* GameBase.swift in Sources */,
				4A19F30C259BC506006B7B80 /* CartTableViewCell.swift in Sources */,
			);
			runOnlyForDeploymentPostprocessing = 0;
		};
/* End PBXSourcesBuildPhase section */

/* Begin PBXVariantGroup section */
		4A19F2DD259B0C43006B7B80 /* Main.storyboard */ = {
			isa = PBXVariantGroup;
			children = (
				4A19F2DE259B0C43006B7B80 /* Base */,
			);
			name = Main.storyboard;
			sourceTree = "<group>";
		};
		4A19F2E2259B0C44006B7B80 /* LaunchScreen.storyboard */ = {
			isa = PBXVariantGroup;
			children = (
				4A19F2E3259B0C44006B7B80 /* Base */,
			);
			name = LaunchScreen.storyboard;
			sourceTree = "<group>";
		};
/* End PBXVariantGroup section */

/* Begin XCBuildConfiguration section */
		4A19F2E6259B0C44006B7B80 /* Debug */ = {
			isa = XCBuildConfiguration;
			buildSettings = {
				ALWAYS_SEARCH_USER_PATHS = NO;
				CLANG_ANALYZER_NONNULL = YES;
				CLANG_ANALYZER_NUMBER_OBJECT_CONVERSION = YES_AGGRESSIVE;
				CLANG_CXX_LANGUAGE_STANDARD = "gnu++14";
				CLANG_CXX_LIBRARY = "libc++";
				CLANG_ENABLE_MODULES = YES;
				CLANG_ENABLE_OBJC_ARC = YES;
				CLANG_ENABLE_OBJC_WEAK = YES;
				CLANG_WARN_BLOCK_CAPTURE_AUTORELEASING = YES;
				CLANG_WARN_BOOL_CONVERSION = YES;
				CLANG_WARN_COMMA = YES;
				CLANG_WARN_CONSTANT_CONVERSION = YES;
				CLANG_WARN_DEPRECATED_OBJC_IMPLEMENTATIONS = YES;
				CLANG_WARN_DIRECT_OBJC_ISA_USAGE = YES_ERROR;
				CLANG_WARN_DOCUMENTATION_COMMENTS = YES;
				CLANG_WARN_EMPTY_BODY = YES;
				CLANG_WARN_ENUM_CONVERSION = YES;
				CLANG_WARN_INFINITE_RECURSION = YES;
				CLANG_WARN_INT_CONVERSION = YES;
				CLANG_WARN_NON_LITERAL_NULL_CONVERSION = YES;
				CLANG_WARN_OBJC_IMPLICIT_RETAIN_SELF = YES;
				CLANG_WARN_OBJC_LITERAL_CONVERSION = YES;
				CLANG_WARN_OBJC_ROOT_CLASS = YES_ERROR;
				CLANG_WARN_QUOTED_INCLUDE_IN_FRAMEWORK_HEADER = YES;
				CLANG_WARN_RANGE_LOOP_ANALYSIS = YES;
				CLANG_WARN_STRICT_PROTOTYPES = YES;
				CLANG_WARN_SUSPICIOUS_MOVE = YES;
				CLANG_WARN_UNGUARDED_AVAILABILITY = YES_AGGRESSIVE;
				CLANG_WARN_UNREACHABLE_CODE = YES;
				CLANG_WARN__DUPLICATE_METHOD_MATCH = YES;
				COPY_PHASE_STRIP = NO;
				DEBUG_INFORMATION_FORMAT = dwarf;
				ENABLE_STRICT_OBJC_MSGSEND = YES;
				ENABLE_TESTABILITY = YES;
				GCC_C_LANGUAGE_STANDARD = gnu11;
				GCC_DYNAMIC_NO_PIC = NO;
				GCC_NO_COMMON_BLOCKS = YES;
				GCC_OPTIMIZATION_LEVEL = 0;
				GCC_PREPROCESSOR_DEFINITIONS = (
					"DEBUG=1",
					"$(inherited)",
				);
				GCC_WARN_64_TO_32_BIT_CONVERSION = YES;
				GCC_WARN_ABOUT_RETURN_TYPE = YES_ERROR;
				GCC_WARN_UNDECLARED_SELECTOR = YES;
				GCC_WARN_UNINITIALIZED_AUTOS = YES_AGGRESSIVE;
				GCC_WARN_UNUSED_FUNCTION = YES;
				GCC_WARN_UNUSED_VARIABLE = YES;
				IPHONEOS_DEPLOYMENT_TARGET = 14.3;
				MTL_ENABLE_DEBUG_INFO = INCLUDE_SOURCE;
				MTL_FAST_MATH = YES;
				ONLY_ACTIVE_ARCH = YES;
				SDKROOT = iphoneos;
				SWIFT_ACTIVE_COMPILATION_CONDITIONS = DEBUG;
				SWIFT_OPTIMIZATION_LEVEL = "-Onone";
			};
			name = Debug;
		};
		4A19F2E7259B0C44006B7B80 /* Release */ = {
			isa = XCBuildConfiguration;
			buildSettings = {
				ALWAYS_SEARCH_USER_PATHS = NO;
				CLANG_ANALYZER_NONNULL = YES;
				CLANG_ANALYZER_NUMBER_OBJECT_CONVERSION = YES_AGGRESSIVE;
				CLANG_CXX_LANGUAGE_STANDARD = "gnu++14";
				CLANG_CXX_LIBRARY = "libc++";
				CLANG_ENABLE_MODULES = YES;
				CLANG_ENABLE_OBJC_ARC = YES;
				CLANG_ENABLE_OBJC_WEAK = YES;
				CLANG_WARN_BLOCK_CAPTURE_AUTORELEASING = YES;
				CLANG_WARN_BOOL_CONVERSION = YES;
				CLANG_WARN_COMMA = YES;
				CLANG_WARN_CONSTANT_CONVERSION = YES;
				CLANG_WARN_DEPRECATED_OBJC_IMPLEMENTATIONS = YES;
				CLANG_WARN_DIRECT_OBJC_ISA_USAGE = YES_ERROR;
				CLANG_WARN_DOCUMENTATION_COMMENTS = YES;
				CLANG_WARN_EMPTY_BODY = YES;
				CLANG_WARN_ENUM_CONVERSION = YES;
				CLANG_WARN_INFINITE_RECURSION = YES;
				CLANG_WARN_INT_CONVERSION = YES;
				CLANG_WARN_NON_LITERAL_NULL_CONVERSION = YES;
				CLANG_WARN_OBJC_IMPLICIT_RETAIN_SELF = YES;
				CLANG_WARN_OBJC_LITERAL_CONVERSION = YES;
				CLANG_WARN_OBJC_ROOT_CLASS = YES_ERROR;
				CLANG_WARN_QUOTED_INCLUDE_IN_FRAMEWORK_HEADER = YES;
				CLANG_WARN_RANGE_LOOP_ANALYSIS = YES;
				CLANG_WARN_STRICT_PROTOTYPES = YES;
				CLANG_WARN_SUSPICIOUS_MOVE = YES;
				CLANG_WARN_UNGUARDED_AVAILABILITY = YES_AGGRESSIVE;
				CLANG_WARN_UNREACHABLE_CODE = YES;
				CLANG_WARN__DUPLICATE_METHOD_MATCH = YES;
				COPY_PHASE_STRIP = NO;
				DEBUG_INFORMATION_FORMAT = "dwarf-with-dsym";
				ENABLE_NS_ASSERTIONS = NO;
				ENABLE_STRICT_OBJC_MSGSEND = YES;
				GCC_C_LANGUAGE_STANDARD = gnu11;
				GCC_NO_COMMON_BLOCKS = YES;
				GCC_WARN_64_TO_32_BIT_CONVERSION = YES;
				GCC_WARN_ABOUT_RETURN_TYPE = YES_ERROR;
				GCC_WARN_UNDECLARED_SELECTOR = YES;
				GCC_WARN_UNINITIALIZED_AUTOS = YES_AGGRESSIVE;
				GCC_WARN_UNUSED_FUNCTION = YES;
				GCC_WARN_UNUSED_VARIABLE = YES;
				IPHONEOS_DEPLOYMENT_TARGET = 14.3;
				MTL_ENABLE_DEBUG_INFO = NO;
				MTL_FAST_MATH = YES;
				SDKROOT = iphoneos;
				SWIFT_COMPILATION_MODE = wholemodule;
				SWIFT_OPTIMIZATION_LEVEL = "-O";
				VALIDATE_PRODUCT = YES;
			};
			name = Release;
		};
		4A19F2E9259B0C44006B7B80 /* Debug */ = {
			isa = XCBuildConfiguration;
			buildSettings = {
				ASSETCATALOG_COMPILER_APPICON_NAME = AppIcon;
				ASSETCATALOG_COMPILER_GLOBAL_ACCENT_COLOR_NAME = AccentColor;
				CODE_SIGN_STYLE = Automatic;
				INFOPLIST_FILE = GamerStore/Info.plist;
				LD_RUNPATH_SEARCH_PATHS = (
					"$(inherited)",
					"@executable_path/Frameworks",
				);
				PRODUCT_BUNDLE_IDENTIFIER = zt.GamerStore;
				PRODUCT_NAME = "$(TARGET_NAME)";
				SWIFT_VERSION = 5.0;
				TARGETED_DEVICE_FAMILY = 1;
			};
			name = Debug;
		};
		4A19F2EA259B0C44006B7B80 /* Release */ = {
			isa = XCBuildConfiguration;
			buildSettings = {
				ASSETCATALOG_COMPILER_APPICON_NAME = AppIcon;
				ASSETCATALOG_COMPILER_GLOBAL_ACCENT_COLOR_NAME = AccentColor;
				CODE_SIGN_STYLE = Automatic;
				INFOPLIST_FILE = GamerStore/Info.plist;
				LD_RUNPATH_SEARCH_PATHS = (
					"$(inherited)",
					"@executable_path/Frameworks",
				);
				PRODUCT_BUNDLE_IDENTIFIER = zt.GamerStore;
				PRODUCT_NAME = "$(TARGET_NAME)";
				SWIFT_VERSION = 5.0;
				TARGETED_DEVICE_FAMILY = 1;
			};
			name = Release;
		};
/* End XCBuildConfiguration section */

/* Begin XCConfigurationList section */
		4A19F2CF259B0C43006B7B80 /* Build configuration list for PBXProject "GamerStore" */ = {
			isa = XCConfigurationList;
			buildConfigurations = (
				4A19F2E6259B0C44006B7B80 /* Debug */,
				4A19F2E7259B0C44006B7B80 /* Release */,
			);
			defaultConfigurationIsVisible = 0;
			defaultConfigurationName = Release;
		};
		4A19F2E8259B0C44006B7B80 /* Build configuration list for PBXNativeTarget "GamerStore" */ = {
			isa = XCConfigurationList;
			buildConfigurations = (
				4A19F2E9259B0C44006B7B80 /* Debug */,
				4A19F2EA259B0C44006B7B80 /* Release */,
			);
			defaultConfigurationIsVisible = 0;
			defaultConfigurationName = Release;
		};
/* End XCConfigurationList section */
	};
	rootObject = 4A19F2CC259B0C43006B7B80 /* Project object */;
}
